
Microsoft Visual Studio Solution File, Format Version 12.00
# Visual Studio Version 17
VisualStudioVersion = 17.13.35716.79 d17.13
MinimumVisualStudioVersion = 10.0.40219.1
Project("{FAE04EC0-301F-11D3-BF4B-00C04F79EFBC}") = "SyncFusion_Schedulars", "SyncFusion_Schedulars.csproj", "{6C1589DC-CBA4-4B3B-86DF-3B3BF5285489}"
EndProject
Global
	GlobalSection(SolutionConfigurationPlatforms) = preSolution
		Debug|Any CPU = Debug|Any CPU
		Release|Any CPU = Release|Any CPU
	EndGlobalSection
	GlobalSection(ProjectConfigurationPlatforms) = postSolution
		{6C1589DC-CBA4-4B3B-86DF-3B3BF5285489}.Debug|Any CPU.ActiveCfg = Debug|Any CPU
		{6C1589DC-CBA4-4B3B-86DF-3B3BF5285489}.Debug|Any CPU.Build.0 = Debug|Any CPU
		{6C1589DC-CBA4-4B3B-86DF-3B3BF5285489}.Release|Any CPU.ActiveCfg = Release|Any CPU
		{6C1589DC-CBA4-4B3B-86DF-3B3BF5285489}.Release|Any CPU.Build.0 = Release|Any CPU
	EndGlobalSection
	GlobalSection(SolutionProperties) = preSolution
		HideSolutionNode = FALSE
	EndGlobalSection
	GlobalSection(ExtensibilityGlobals) = postSolution
		SolutionGuid = {CE56BF86-C50A-407E-A75D-D52BAF1B1E58}
	EndGlobalSection
EndGlobal
